
Microsoft Visual Studio Solution File, Format Version 12.00
# Visual Studio Version 17
VisualStudioVersion = 17.0.31903.59
MinimumVisualStudioVersion = 10.0.40219.1
Project("{FAE04EC0-301F-11D3-BF4B-00C04F79EFBC}") = "CustomerApi.Api", "CustomerApi.Api\CustomerApi.Api.csproj", "{C25E9226-A999-4C6E-8D3D-D35A6344CA55}"
EndProject
Project("{FAE04EC0-301F-11D3-BF4B-00C04F79EFBC}") = "CustomerApi.Core", "CustomerApi.Core\CustomerApi.Core.csproj", "{69654C62-87CC-42DF-902F-5E1E4AC3F6AA}"
EndProject
Project("{FAE04EC0-301F-11D3-BF4B-00C04F79EFBC}") = "CustomerApi.Tests", "CustomerApi.Tests\CustomerApi.Tests.csproj", "{FD62565D-2E7B-4CA3-AC3F-DC4D6A1DE091}"
EndProject
Global
	GlobalSection(SolutionConfigurationPlatforms) = preSolution
		Debug|Any CPU = Debug|Any CPU
		Debug|x64 = Debug|x64
		Debug|x86 = Debug|x86
		Release|Any CPU = Release|Any CPU
		Release|x64 = Release|x64
		Release|x86 = Release|x86
	EndGlobalSection
	GlobalSection(ProjectConfigurationPlatforms) = postSolution
		{C25E9226-A999-4C6E-8D3D-D35A6344CA55}.Debug|Any CPU.ActiveCfg = Debug|Any CPU
		{C25E9226-A999-4C6E-8D3D-D35A6344CA55}.Debug|Any CPU.Build.0 = Debug|Any CPU
		{C25E9226-A999-4C6E-8D3D-D35A6344CA55}.Debug|x64.ActiveCfg = Debug|Any CPU
		{C25E9226-A999-4C6E-8D3D-D35A6344CA55}.Debug|x64.Build.0 = Debug|Any CPU
		{C25E9226-A999-4C6E-8D3D-D35A6344CA55}.Debug|x86.ActiveCfg = Debug|Any CPU
		{C25E9226-A999-4C6E-8D3D-D35A6344CA55}.Debug|x86.Build.0 = Debug|Any CPU
		{C25E9226-A999-4C6E-8D3D-D35A6344CA55}.Release|Any CPU.ActiveCfg = Release|Any CPU
		{C25E9226-A999-4C6E-8D3D-D35A6344CA55}.Release|Any CPU.Build.0 = Release|Any CPU
		{C25E9226-A999-4C6E-8D3D-D35A6344CA55}.Release|x64.ActiveCfg = Release|Any CPU
		{C25E9226-A999-4C6E-8D3D-D35A6344CA55}.Release|x64.Build.0 = Release|Any CPU
		{C25E9226-A999-4C6E-8D3D-D35A6344CA55}.Release|x86.ActiveCfg = Release|Any CPU
		{C25E9226-A999-4C6E-8D3D-D35A6344CA55}.Release|x86.Build.0 = Release|Any CPU
		{69654C62-87CC-42DF-902F-5E1E4AC3F6AA}.Debug|Any CPU.ActiveCfg = Debug|Any CPU
		{69654C62-87CC-42DF-902F-5E1E4AC3F6AA}.Debug|Any CPU.Build.0 = Debug|Any CPU
		{69654C62-87CC-42DF-902F-5E1E4AC3F6AA}.Debug|x64.ActiveCfg = Debug|Any CPU
		{69654C62-87CC-42DF-902F-5E1E4AC3F6AA}.Debug|x64.Build.0 = Debug|Any CPU
		{69654C62-87CC-42DF-902F-5E1E4AC3F6AA}.Debug|x86.ActiveCfg = Debug|Any CPU
		{69654C62-87CC-42DF-902F-5E1E4AC3F6AA}.Debug|x86.Build.0 = Debug|Any CPU
		{69654C62-87CC-42DF-902F-5E1E4AC3F6AA}.Release|Any CPU.ActiveCfg = Release|Any CPU
		{69654C62-87CC-42DF-902F-5E1E4AC3F6AA}.Release|Any CPU.Build.0 = Release|Any CPU
		{69654C62-87CC-42DF-902F-5E1E4AC3F6AA}.Release|x64.ActiveCfg = Release|Any CPU
		{69654C62-87CC-42DF-902F-5E1E4AC3F6AA}.Release|x64.Build.0 = Release|Any CPU
		{69654C62-87CC-42DF-902F-5E1E4AC3F6AA}.Release|x86.ActiveCfg = Release|Any CPU
		{69654C62-87CC-42DF-902F-5E1E4AC3F6AA}.Release|x86.Build.0 = Release|Any CPU
		{FD62565D-2E7B-4CA3-AC3F-DC4D6A1DE091}.Debug|Any CPU.ActiveCfg = Debug|Any CPU
		{FD62565D-2E7B-4CA3-AC3F-DC4D6A1DE091}.Debug|Any CPU.Build.0 = Debug|Any CPU
		{FD62565D-2E7B-4CA3-AC3F-DC4D6A1DE091}.Debug|x64.ActiveCfg = Debug|Any CPU
		{FD62565D-2E7B-4CA3-AC3F-DC4D6A1DE091}.Debug|x64.Build.0 = Debug|Any CPU
		{FD62565D-2E7B-4CA3-AC3F-DC4D6A1DE091}.Debug|x86.ActiveCfg = Debug|Any CPU
		{FD62565D-2E7B-4CA3-AC3F-DC4D6A1DE091}.Debug|x86.Build.0 = Debug|Any CPU
		{FD62565D-2E7B-4CA3-AC3F-DC4D6A1DE091}.Release|Any CPU.ActiveCfg = Release|Any CPU
		{FD62565D-2E7B-4CA3-AC3F-DC4D6A1DE091}.Release|Any CPU.Build.0 = Release|Any CPU
		{FD62565D-2E7B-4CA3-AC3F-DC4D6A1DE091}.Release|x64.ActiveCfg = Release|Any CPU
		{FD62565D-2E7B-4CA3-AC3F-DC4D6A1DE091}.Release|x64.Build.0 = Release|Any CPU
		{FD62565D-2E7B-4CA3-AC3F-DC4D6A1DE091}.Release|x86.ActiveCfg = Release|Any CPU
		{FD62565D-2E7B-4CA3-AC3F-DC4D6A1DE091}.Release|x86.Build.0 = Release|Any CPU
	EndGlobalSection
	GlobalSection(SolutionProperties) = preSolution
		HideSolutionNode = FALSE
	EndGlobalSection
EndGlobal
